
Microsoft Visual Studio Solution File, Format Version 12.00
# Visual Studio 15
VisualStudioVersion = 15.0.26228.9
MinimumVisualStudioVersion = 10.0.40219.1
Project("{FAE04EC0-301F-11D3-BF4B-00C04F79EFBC}") = "TeduShop.Common", "TeduShop.Common\TeduShop.Common.csproj", "{3CB8F2EE-AD08-4F5D-BF5F-46D9BAFB1EFF}"
EndProject
Project("{FAE04EC0-301F-11D3-BF4B-00C04F79EFBC}") = "TeduShop.Model", "TeduShop.Model\TeduShop.Model.csproj", "{3044A2C6-9865-4F07-B046-78FF1A800035}"
EndProject
Project("{FAE04EC0-301F-11D3-BF4B-00C04F79EFBC}") = "TeduShop.Data", "TeduShop.Data\TeduShop.Data.csproj", "{7AE1FF7E-FFC1-4B14-9937-F8124C4C5EAD}"
EndProject
Project("{FAE04EC0-301F-11D3-BF4B-00C04F79EFBC}") = "TeduShop.Service", "TeduShop.Service\TeduShop.Service.csproj", "{B3161568-2278-431B-A6C9-90D6D35105A0}"
EndProject
Project("{FAE04EC0-301F-11D3-BF4B-00C04F79EFBC}") = "TeduShop.UnitTest", "TeduShop.UnitTest\TeduShop.UnitTest.csproj", "{824CE01A-E5FB-4A92-9667-BA284D7655B3}"
EndProject
Project("{FAE04EC0-301F-11D3-BF4B-00C04F79EFBC}") = "TeduShop.Web", "TeduShop.Web\TeduShop.Web.csproj", "{A1034BAF-0E22-4ECB-9867-F53B4AF06341}"
EndProject
Global
	GlobalSection(SolutionConfigurationPlatforms) = preSolution
		Debug|Any CPU = Debug|Any CPU
		Release|Any CPU = Release|Any CPU
	EndGlobalSection
	GlobalSection(ProjectConfigurationPlatforms) = postSolution
		{3CB8F2EE-AD08-4F5D-BF5F-46D9BAFB1EFF}.Debug|Any CPU.ActiveCfg = Debug|Any CPU
		{3CB8F2EE-AD08-4F5D-BF5F-46D9BAFB1EFF}.Debug|Any CPU.Build.0 = Debug|Any CPU
		{3CB8F2EE-AD08-4F5D-BF5F-46D9BAFB1EFF}.Release|Any CPU.ActiveCfg = Release|Any CPU
		{3CB8F2EE-AD08-4F5D-BF5F-46D9BAFB1EFF}.Release|Any CPU.Build.0 = Release|Any CPU
		{3044A2C6-9865-4F07-B046-78FF1A800035}.Debug|Any CPU.ActiveCfg = Debug|Any CPU
		{3044A2C6-9865-4F07-B046-78FF1A800035}.Debug|Any CPU.Build.0 = Debug|Any CPU
		{3044A2C6-9865-4F07-B046-78FF1A800035}.Release|Any CPU.ActiveCfg = Release|Any CPU
		{3044A2C6-9865-4F07-B046-78FF1A800035}.Release|Any CPU.Build.0 = Release|Any CPU
		{7AE1FF7E-FFC1-4B14-9937-F8124C4C5EAD}.Debug|Any CPU.ActiveCfg = Debug|Any CPU
		{7AE1FF7E-FFC1-4B14-9937-F8124C4C5EAD}.Debug|Any CPU.Build.0 = Debug|Any CPU
		{7AE1FF7E-FFC1-4B14-9937-F8124C4C5EAD}.Release|Any CPU.ActiveCfg = Release|Any CPU
		{7AE1FF7E-FFC1-4B14-9937-F8124C4C5EAD}.Release|Any CPU.Build.0 = Release|Any CPU
		{B3161568-2278-431B-A6C9-90D6D35105A0}.Debug|Any CPU.ActiveCfg = Debug|Any CPU
		{B3161568-2278-431B-A6C9-90D6D35105A0}.Debug|Any CPU.Build.0 = Debug|Any CPU
		{B3161568-2278-431B-A6C9-90D6D35105A0}.Release|Any CPU.ActiveCfg = Release|Any CPU
		{B3161568-2278-431B-A6C9-90D6D35105A0}.Release|Any CPU.Build.0 = Release|Any CPU
		{824CE01A-E5FB-4A92-9667-BA284D7655B3}.Debug|Any CPU.ActiveCfg = Debug|Any CPU
		{824CE01A-E5FB-4A92-9667-BA284D7655B3}.Debug|Any CPU.Build.0 = Debug|Any CPU
		{824CE01A-E5FB-4A92-9667-BA284D7655B3}.Release|Any CPU.ActiveCfg = Release|Any CPU
		{824CE01A-E5FB-4A92-9667-BA284D7655B3}.Release|Any CPU.Build.0 = Release|Any CPU
		{A1034BAF-0E22-4ECB-9867-F53B4AF06341}.Debug|Any CPU.ActiveCfg = Debug|Any CPU
		{A1034BAF-0E22-4ECB-9867-F53B4AF06341}.Debug|Any CPU.Build.0 = Debug|Any CPU
		{A1034BAF-0E22-4ECB-9867-F53B4AF06341}.Release|Any CPU.ActiveCfg = Release|Any CPU
		{A1034BAF-0E22-4ECB-9867-F53B4AF06341}.Release|Any CPU.Build.0 = Release|Any CPU
	EndGlobalSection
	GlobalSection(SolutionProperties) = preSolution
		HideSolutionNode = FALSE
	EndGlobalSection
EndGlobal
